
Microsoft Visual Studio Solution File, Format Version 12.00
Project("{FAE04EC0-301F-11D3-BF4B-00C04F79EFBC}") = "ConsoleApp1", "ConsoleApp1\ConsoleApp1.csproj", "{B58E5819-4687-465D-A7ED-1A7661CF1030}"
EndProject
Global
	GlobalSection(SolutionConfigurationPlatforms) = preSolution
		Debug|Any CPU = Debug|Any CPU
		Release|Any CPU = Release|Any CPU
	EndGlobalSection
	GlobalSection(ProjectConfigurationPlatforms) = postSolution
		{B58E5819-4687-465D-A7ED-1A7661CF1030}.Debug|Any CPU.ActiveCfg = Debug|Any CPU
		{B58E5819-4687-465D-A7ED-1A7661CF1030}.Debug|Any CPU.Build.0 = Debug|Any CPU
		{B58E5819-4687-465D-A7ED-1A7661CF1030}.Release|Any CPU.ActiveCfg = Release|Any CPU
		{B58E5819-4687-465D-A7ED-1A7661CF1030}.Release|Any CPU.Build.0 = Release|Any CPU
	EndGlobalSection
EndGlobal
