
Microsoft Visual Studio Solution File, Format Version 12.00
# Visual Studio Version 17
VisualStudioVersion = 17.0.31903.59
MinimumVisualStudioVersion = 10.0.40219.1
Project("{FAE04EC0-301F-11D3-BF4B-00C04F79EFBC}") = "Sokoban.Game", "Sokoban.Game\Sokoban.Game.csproj", "{6DBC6F05-5990-434B-AC66-2C0C4D4D4B41}"
EndProject
Project("{FAE04EC0-301F-11D3-BF4B-00C04F79EFBC}") = "Sokoban.Core", "Sokoban.Core\Sokoban.Core.csproj", "{5B37F9C0-89D9-4DB2-9D7A-2084462972F3}"
EndProject
Global
	GlobalSection(SolutionConfigurationPlatforms) = preSolution
		Debug|Any CPU = Debug|Any CPU
		Debug|x64 = Debug|x64
		Debug|x86 = Debug|x86
		Release|Any CPU = Release|Any CPU
		Release|x64 = Release|x64
		Release|x86 = Release|x86
	EndGlobalSection
	GlobalSection(ProjectConfigurationPlatforms) = postSolution
		{6DBC6F05-5990-434B-AC66-2C0C4D4D4B41}.Debug|Any CPU.ActiveCfg = Debug|Any CPU
		{6DBC6F05-5990-434B-AC66-2C0C4D4D4B41}.Debug|Any CPU.Build.0 = Debug|Any CPU
		{6DBC6F05-5990-434B-AC66-2C0C4D4D4B41}.Debug|x64.ActiveCfg = Debug|Any CPU
		{6DBC6F05-5990-434B-AC66-2C0C4D4D4B41}.Debug|x64.Build.0 = Debug|Any CPU
		{6DBC6F05-5990-434B-AC66-2C0C4D4D4B41}.Debug|x86.ActiveCfg = Debug|Any CPU
		{6DBC6F05-5990-434B-AC66-2C0C4D4D4B41}.Debug|x86.Build.0 = Debug|Any CPU
		{6DBC6F05-5990-434B-AC66-2C0C4D4D4B41}.Release|Any CPU.ActiveCfg = Release|Any CPU
		{6DBC6F05-5990-434B-AC66-2C0C4D4D4B41}.Release|Any CPU.Build.0 = Release|Any CPU
		{6DBC6F05-5990-434B-AC66-2C0C4D4D4B41}.Release|x64.ActiveCfg = Release|Any CPU
		{6DBC6F05-5990-434B-AC66-2C0C4D4D4B41}.Release|x64.Build.0 = Release|Any CPU
		{6DBC6F05-5990-434B-AC66-2C0C4D4D4B41}.Release|x86.ActiveCfg = Release|Any CPU
		{6DBC6F05-5990-434B-AC66-2C0C4D4D4B41}.Release|x86.Build.0 = Release|Any CPU
		{5B37F9C0-89D9-4DB2-9D7A-2084462972F3}.Debug|Any CPU.ActiveCfg = Debug|Any CPU
		{5B37F9C0-89D9-4DB2-9D7A-2084462972F3}.Debug|Any CPU.Build.0 = Debug|Any CPU
		{5B37F9C0-89D9-4DB2-9D7A-2084462972F3}.Debug|x64.ActiveCfg = Debug|Any CPU
		{5B37F9C0-89D9-4DB2-9D7A-2084462972F3}.Debug|x64.Build.0 = Debug|Any CPU
		{5B37F9C0-89D9-4DB2-9D7A-2084462972F3}.Debug|x86.ActiveCfg = Debug|Any CPU
		{5B37F9C0-89D9-4DB2-9D7A-2084462972F3}.Debug|x86.Build.0 = Debug|Any CPU
		{5B37F9C0-89D9-4DB2-9D7A-2084462972F3}.Release|Any CPU.ActiveCfg = Release|Any CPU
		{5B37F9C0-89D9-4DB2-9D7A-2084462972F3}.Release|Any CPU.Build.0 = Release|Any CPU
		{5B37F9C0-89D9-4DB2-9D7A-2084462972F3}.Release|x64.ActiveCfg = Release|Any CPU
		{5B37F9C0-89D9-4DB2-9D7A-2084462972F3}.Release|x64.Build.0 = Release|Any CPU
		{5B37F9C0-89D9-4DB2-9D7A-2084462972F3}.Release|x86.ActiveCfg = Release|Any CPU
		{5B37F9C0-89D9-4DB2-9D7A-2084462972F3}.Release|x86.Build.0 = Release|Any CPU
	EndGlobalSection
	GlobalSection(SolutionProperties) = preSolution
		HideSolutionNode = FALSE
	EndGlobalSection
EndGlobal
